{
  "requires": true,
  "lockfileVersion": 1,
  "dependencies": {
    "batch": {
      "version": "https://registry.npmjs.org/batch/-/batch-0.5.0.tgz",
      "integrity": "sha1-/S4Fp6XWlrTbkxQBPihdj/NVfsM="
    },
    "buffer-crc32": {
      "version": "https://registry.npmjs.org/buffer-crc32/-/buffer-crc32-0.2.1.tgz",
      "integrity": "sha1-vj5TgvwCttYySVasGvmKqYsIU0w="
    },
    "bytes": {
      "version": "https://registry.npmjs.org/bytes/-/bytes-0.2.1.tgz",
      "integrity": "sha1-VVsIq8sGP4l1kFMCUj5M1P/f3zE="
    },
    "commander": {
      "version": "https://registry.npmjs.org/commander/-/commander-1.3.2.tgz",
      "integrity": "sha1-io8w7GcKb91kr1LxkUuQfXnq1bU=",
      "requires": {
        "keypress": "https://registry.npmjs.org/keypress/-/keypress-0.1.0.tgz"
      }
    },
    "connect": {
      "version": "https://registry.npmjs.org/connect/-/connect-2.12.0.tgz",
      "integrity": "sha1-Mdj6DcrN8ZCNgivSkjvootKn7Zo=",
      "requires": {
        "batch": "https://registry.npmjs.org/batch/-/batch-0.5.0.tgz",
        "buffer-crc32": "https://registry.npmjs.org/buffer-crc32/-/buffer-crc32-0.2.1.tgz",
        "bytes": "https://registry.npmjs.org/bytes/-/bytes-0.2.1.tgz",
        "cookie": "https://registry.npmjs.org/cookie/-/cookie-0.1.0.tgz",
        "cookie-signature": "https://registry.npmjs.org/cookie-signature/-/cookie-signature-1.0.1.tgz",
        "debug": "https://registry.npmjs.org/debug/-/debug-0.8.1.tgz",
        "fresh": "https://registry.npmjs.org/fresh/-/fresh-0.2.0.tgz",
        "methods": "https://registry.npmjs.org/methods/-/methods-0.1.0.tgz",
        "multiparty": "https://registry.npmjs.org/multiparty/-/multiparty-2.2.0.tgz",
        "negotiator": "https://registry.npmjs.org/negotiator/-/negotiator-0.3.0.tgz",
        "pause": "https://registry.npmjs.org/pause/-/pause-0.0.1.tgz",
        "qs": "https://registry.npmjs.org/qs/-/qs-0.6.6.tgz",
        "raw-body": "https://registry.npmjs.org/raw-body/-/raw-body-1.1.2.tgz",
        "send": "https://registry.npmjs.org/send/-/send-0.1.4.tgz",
        "uid2": "https://registry.npmjs.org/uid2/-/uid2-0.0.3.tgz"
      }
    },
    "cookie": {
      "version": "https://registry.npmjs.org/cookie/-/cookie-0.1.0.tgz",
      "integrity": "sha1-kOtGndzpBchm3mh+/EMTHYgB+dA="
    },
    "cookie-signature": {
      "version": "https://registry.npmjs.org/cookie-signature/-/cookie-signature-1.0.1.tgz",
      "integrity": "sha1-ROByFIrwHm6OJK+/EmkNaK5pjss="
    },
    "core-util-is": {
      "version": "https://registry.npmjs.org/core-util-is/-/core-util-is-1.0.2.tgz",
      "integrity": "sha1-tf1UIgqivFq1eqtxQMlAdUUDwac="
    },
    "debug": {
      "version": "https://registry.npmjs.org/debug/-/debug-0.8.1.tgz",
      "integrity": "sha1-IP9NJvXkIstoobrLu2EDmtjBwTA="
    },
    "express": {
      "version": "https://registry.npmjs.org/express/-/express-3.4.8.tgz",
      "integrity": "sha1-qnqJht4HBTM39Lxe2aZFPZzI4uE=",
      "requires": {
        "buffer-crc32": "https://registry.npmjs.org/buffer-crc32/-/buffer-crc32-0.2.1.tgz",
        "commander": "https://registry.npmjs.org/commander/-/commander-1.3.2.tgz",
        "connect": "https://registry.npmjs.org/connect/-/connect-2.12.0.tgz",
        "cookie": "https://registry.npmjs.org/cookie/-/cookie-0.1.0.tgz",
        "cookie-signature": "https://registry.npmjs.org/cookie-signature/-/cookie-signature-1.0.1.tgz",
        "debug": "https://registry.npmjs.org/debug/-/debug-0.8.1.tgz",
        "fresh": "https://registry.npmjs.org/fresh/-/fresh-0.2.0.tgz",
        "merge-descriptors": "https://registry.npmjs.org/merge-descriptors/-/merge-descriptors-0.0.1.tgz",
        "methods": "https://registry.npmjs.org/methods/-/methods-0.1.0.tgz",
        "mkdirp": "https://registry.npmjs.org/mkdirp/-/mkdirp-0.3.5.tgz",
        "range-parser": "https://registry.npmjs.org/range-parser/-/range-parser-0.0.4.tgz",
        "send": "https://registry.npmjs.org/send/-/send-0.1.4.tgz"
      }
    },
    "fresh": {
      "version": "https://registry.npmjs.org/fresh/-/fresh-0.2.0.tgz",
      "integrity": "sha1-v9lALPPfEsSkwxDHn5mj3eE9NKc="
    },
    "inherits": {
      "version": "https://registry.npmjs.org/inherits/-/inherits-2.0.3.tgz",
      "integrity": "sha1-Yzwsg+PaQqUC9SRmAiSA9CCCYd4="
    },
    "isarray": {
      "version": "https://registry.npmjs.org/isarray/-/isarray-0.0.1.tgz",
      "integrity": "sha1-ihis/Kmo9Bd+Cav8YDiTmwXR7t8="
    },
    "keypress": {
      "version": "https://registry.npmjs.org/keypress/-/keypress-0.1.0.tgz",
      "integrity": "sha1-SjGI1CkbZrT2XtuZ+AaqmuKTWSo="
    },
    "merge-descriptors": {
      "version": "https://registry.npmjs.org/merge-descriptors/-/merge-descriptors-0.0.1.tgz",
      "integrity": "sha1-L/CYDJJM+B0LXR+2ARd8uLtWwNA="
    },
    "methods": {
      "version": "https://registry.npmjs.org/methods/-/methods-0.1.0.tgz",
      "integrity": "sha1-M11Cnu/SG3us8unJIqjSvRSjDk8="
    },
    "mime": {
      "version": "https://registry.npmjs.org/mime/-/mime-1.2.11.tgz",
      "integrity": "sha1-WCA+7Ybjpe8XrtK32evUfwpg3RA="
    },
    "mkdirp": {
      "version": "https://registry.npmjs.org/mkdirp/-/mkdirp-0.3.5.tgz",
      "integrity": "sha1-3j5fiWHIjHh+4TaN+EmsRBPsqNc="
    },
    "multiparty": {
      "version": "https://registry.npmjs.org/multiparty/-/multiparty-2.2.0.tgz",
      "integrity": "sha1-pWfCrwAK0i3I8qZT2Rl4rh9TFvQ=",
      "requires": {
        "readable-stream": "https://registry.npmjs.org/readable-stream/-/readable-stream-1.1.14.tgz",
        "stream-counter": "https://registry.npmjs.org/stream-counter/-/stream-counter-0.2.0.tgz"
      }
    },
    "negotiator": {
      "version": "https://registry.npmjs.org/negotiator/-/negotiator-0.3.0.tgz",
      "integrity": "sha1-cG1pLv7d9XTVfqn7GriaT6fuj2A="
    },
    "node.js": {
      "version": "0.0.0",
      "resolved": "https://registry.npmjs.org/node.js/-/node.js-0.0.0.tgz",
      "integrity": "sha1-UI4G+Wudm/h/5r+oTs6zF5T8HIc=",
      "requires": {
        "express": "https://registry.npmjs.org/express/-/express-3.4.8.tgz"
      }
    },
    "pause": {
      "version": "https://registry.npmjs.org/pause/-/pause-0.0.1.tgz",
      "integrity": "sha1-HUCLP9t2kjuVQ9lvtMnf1TXZy10="
    },
    "prompt-sync": {
      "version": "https://registry.npmjs.org/prompt-sync/-/prompt-sync-4.1.5.tgz",
      "integrity": "sha1-cJrBgjiLDppKRbVoPtBEntGfPrg="
    },
    "qs": {
      "version": "https://registry.npmjs.org/qs/-/qs-0.6.6.tgz",
      "integrity": "sha1-bgFQmP9RlouKPIGQAdXyyJvEsQc="
    },
    "range-parser": {
      "version": "https://registry.npmjs.org/range-parser/-/range-parser-0.0.4.tgz",
      "integrity": "sha1-wEJ//vUcEKy6B4KkbJYC50T/Ygs="
    },
    "raw-body": {
      "version": "https://registry.npmjs.org/raw-body/-/raw-body-1.1.2.tgz",
      "integrity": "sha1-x0swBN6l3v0WlhcRBqx0DsMdYr4=",
      "requires": {
        "bytes": "https://registry.npmjs.org/bytes/-/bytes-0.2.1.tgz"
      }
    },
    "readable-stream": {
      "version": "https://registry.npmjs.org/readable-stream/-/readable-stream-1.1.14.tgz",
      "integrity": "sha1-fPTFTvZI44EwhMY23SB54WbAgdk=",
      "requires": {
        "core-util-is": "https://registry.npmjs.org/core-util-is/-/core-util-is-1.0.2.tgz",
        "inherits": "https://registry.npmjs.org/inherits/-/inherits-2.0.3.tgz",
        "isarray": "https://registry.npmjs.org/isarray/-/isarray-0.0.1.tgz",
        "string_decoder": "https://registry.npmjs.org/string_decoder/-/string_decoder-0.10.31.tgz"
      }
    },
    "send": {
      "version": "https://registry.npmjs.org/send/-/send-0.1.4.tgz",
      "integrity": "sha1-vnDY0b4B3mGCGvE3gLUDRaT3Gr0=",
      "requires": {
        "debug": "https://registry.npmjs.org/debug/-/debug-0.8.1.tgz",
        "fresh": "https://registry.npmjs.org/fresh/-/fresh-0.2.0.tgz",
        "mime": "https://registry.npmjs.org/mime/-/mime-1.2.11.tgz",
        "range-parser": "https://registry.npmjs.org/range-parser/-/range-parser-0.0.4.tgz"
      }
    },
    "stream-counter": {
      "version": "https://registry.npmjs.org/stream-counter/-/stream-counter-0.2.0.tgz",
      "integrity": "sha1-3tJmVWMZyLDiIoErnPOyb6fZR94=",
      "requires": {
        "readable-stream": "https://registry.npmjs.org/readable-stream/-/readable-stream-1.1.14.tgz"
      }
    },
    "string_decoder": {
      "version": "https://registry.npmjs.org/string_decoder/-/string_decoder-0.10.31.tgz",
      "integrity": "sha1-YuIDvEF2bGwoyfyEMB2rHFMQ+pQ="
    },
    "uid2": {
      "version": "https://registry.npmjs.org/uid2/-/uid2-0.0.3.tgz",
      "integrity": "sha1-SDEm4Rd03y9xuLY53NeZw3YWK4I="
    }
  }
}
